PODS:
  - AnimatedGIFImageSerialization (0.2.0)
  - HaidoraRefresh (0.1)
  - HaidoraRefreshExtension (0.1):
    - HaidoraRefresh
    - HaidoraRefreshExtension/Color (= 0.1)
    - HaidoraRefreshExtension/Gif (= 0.1)
    - HaidoraRefreshExtension/Indicator (= 0.1)
  - HaidoraRefreshExtension/Color (0.1):
    - HaidoraRefresh
  - HaidoraRefreshExtension/Gif (0.1):
    - AnimatedGIFImageSerialization (~> 0.2.0)
    - HaidoraRefresh
  - HaidoraRefreshExtension/Indicator (0.1):
    - HaidoraRefresh

DEPENDENCIES:
  - HaidoraRefreshExtension (from `../`)

EXTERNAL SOURCES:
  HaidoraRefreshExtension:
    :path: ../

SPEC CHECKSUMS:
  AnimatedGIFImageSerialization: b0f0cfe71eac1ee45a3d57ae533c23b8e6f29501
  HaidoraRefresh: 54e8d674188966a93cb3e68de4fdeafb11a45922
  HaidoraRefreshExtension: 56ac4f75306c0c0ae7898b38370fe76a37848973

COCOAPODS: 0.35.0
