PODS:
  - AnimatedGIFImageSerialization (0.2.0)
  - HaidoraRefresh (0.1.0)
  - HaidoraRefreshExtension (0.1.0):
    - HaidoraRefresh
    - HaidoraRefreshExtension/Color (= 0.1.0)
    - HaidoraRefreshExtension/Gif (= 0.1.0)
    - HaidoraRefreshExtension/Indicator (= 0.1.0)
  - HaidoraRefreshExtension/Color (0.1.0):
    - HaidoraRefresh
  - HaidoraRefreshExtension/Gif (0.1.0):
    - AnimatedGIFImageSerialization (~> 0.2.0)
    - HaidoraRefresh
  - HaidoraRefreshExtension/Indicator (0.1.0):
    - HaidoraRefresh

DEPENDENCIES:
  - HaidoraRefreshExtension (from `../`)

EXTERNAL SOURCES:
  HaidoraRefreshExtension:
    :path: ../

SPEC CHECKSUMS:
  AnimatedGIFImageSerialization: b0f0cfe71eac1ee45a3d57ae533c23b8e6f29501
  HaidoraRefresh: a22d82f80ac6b2ace739ca6af74f962a7179bed2
  HaidoraRefreshExtension: 0e4930e8d2a24fa817140eefcf31cab5cc786895

COCOAPODS: 0.37.2
